// !$*UTF8*$!
{
	archiveVersion = 1;
	classes = {
	};
	objectVersion = 77;
	objects = {

/* Begin PBXContainerItemProxy section */
		D00DB8982D38CC8300357168 /* PBXContainerItemProxy */ = {
			isa = PBXContainerItemProxy;
			containerPortal = D00DB8762D38CC8000357168 /* Project object */;
			proxyType = 1;
			remoteGlobalIDString = D00DB87D2D38CC8000357168;
			remoteInfo = BottomSheetAboveNavigationBar;
		};
		D00DB8A22D38CC8300357168 /* PBXContainerItemProxy */ = {
			isa = PBXContainerItemProxy;
			containerPortal = D00DB8762D38CC8000357168 /* Project object */;
			proxyType = 1;
			remoteGlobalIDString = D00DB87D2D38CC8000357168;
			remoteInfo = BottomSheetAboveNavigationBar;
		};
/* End PBXContainerItemProxy section */

/* Begin PBXFileReference section */
		D00DB87E2D38CC8000357168 /* BottomSheetAboveNavigationBar.app */ = {isa = PBXFileReference; explicitFileType = wrapper.application; includeInIndex = 0; path = BottomSheetAboveNavigationBar.app; sourceTree = BUILT_PRODUCTS_DIR; };
		D00DB8972D38CC8300357168 /* BottomSheetAboveNavigationBarTests.xctest */ = {isa = PBXFileReference; explicitFileType = wrapper.cfbundle; includeInIndex = 0; path = BottomSheetAboveNavigationBarTests.xctest; sourceTree = BUILT_PRODUCTS_DIR; };
		D00DB8A12D38CC8300357168 /* BottomSheetAboveNavigationBarUITests.xctest */ = {isa = PBXFileReference; explicitFileType = wrapper.cfbundle; includeInIndex = 0; path = BottomSheetAboveNavigationBarUITests.xctest; sourceTree = BUILT_PRODUCTS_DIR; };
/* End PBXFileReference section */

/* Begin PBXFileSystemSynchronizedBuildFileExceptionSet section */
		D00DB8A92D38CC8300357168 /* Exceptions for "BottomSheetAboveNavigationBar" folder in "BottomSheetAboveNavigationBar" target */ = {
			isa = PBXFileSystemSynchronizedBuildFileExceptionSet;
			membershipExceptions = (
				Info.plist,
			);
			target = D00DB87D2D38CC8000357168 /* BottomSheetAboveNavigationBar */;
		};
/* End PBXFileSystemSynchronizedBuildFileExceptionSet section */

/* Begin PBXFileSystemSynchronizedRootGroup section */
		D00DB8802D38CC8000357168 /* BottomSheetAboveNavigationBar */ = {
			isa = PBXFileSystemSynchronizedRootGroup;
			exceptions = (
				D00DB8A92D38CC8300357168 /* Exceptions for "BottomSheetAboveNavigationBar" folder in "BottomSheetAboveNavigationBar" target */,
			);
			path = BottomSheetAboveNavigationBar;
			sourceTree = "<group>";
		};
		D00DB89A2D38CC8300357168 /* BottomSheetAboveNavigationBarTests */ = {
			isa = PBXFileSystemSynchronizedRootGroup;
			path = BottomSheetAboveNavigationBarTests;
			sourceTree = "<group>";
		};
		D00DB8A42D38CC8300357168 /* BottomSheetAboveNavigationBarUITests */ = {
			isa = PBXFileSystemSynchronizedRootGroup;
			path = BottomSheetAboveNavigationBarUITests;
			sourceTree = "<group>";
		};
/* End PBXFileSystemSynchronizedRootGroup section */

/* Begin PBXFrameworksBuildPhase section */
		D00DB87B2D38CC8000357168 /* Frameworks */ = {
			isa = PBXFrameworksBuildPhase;
			buildActionMask = 2147483647;
			files = (
			);
			runOnlyForDeploymentPostprocessing = 0;
		};
		D00DB8942D38CC8300357168 /* Frameworks */ = {
			isa = PBXFrameworksBuildPhase;
			buildActionMask = 2147483647;
			files = (
			);
			runOnlyForDeploymentPostprocessing = 0;
		};
		D00DB89E2D38CC8300357168 /* Frameworks */ = {
			isa = PBXFrameworksBuildPhase;
			buildActionMask = 2147483647;
			files = (
			);
			runOnlyForDeploymentPostprocessing = 0;
		};
/* End PBXFrameworksBuildPhase section */

/* Begin PBXGroup section */
		D00DB8752D38CC8000357168 = {
			isa = PBXGroup;
			children = (
				D00DB8802D38CC8000357168 /* BottomSheetAboveNavigationBar */,
				D00DB89A2D38CC8300357168 /* BottomSheetAboveNavigationBarTests */,
				D00DB8A42D38CC8300357168 /* BottomSheetAboveNavigationBarUITests */,
				D00DB87F2D38CC8000357168 /* Products */,
			);
			sourceTree = "<group>";
		};
		D00DB87F2D38CC8000357168 /* Products */ = {
			isa = PBXGroup;
			children = (
				D00DB87E2D38CC8000357168 /* BottomSheetAboveNavigationBar.app */,
				D00DB8972D38CC8300357168 /* BottomSheetAboveNavigationBarTests.xctest */,
				D00DB8A12D38CC8300357168 /* BottomSheetAboveNavigationBarUITests.xctest */,
			);
			name = Products;
			sourceTree = "<group>";
		};
/* End PBXGroup section */

/* Begin PBXNativeTarget section */
		D00DB87D2D38CC8000357168 /* BottomSheetAboveNavigationBar */ = {
			isa = PBXNativeTarget;
			buildConfigurationList = D00DB8AA2D38CC8300357168 /* Build configuration list for PBXNativeTarget "BottomSheetAboveNavigationBar" */;
			buildPhases = (
				D00DB87A2D38CC8000357168 /* Sources */,
				D00DB87B2D38CC8000357168 /* Frameworks */,
				D00DB87C2D38CC8000357168 /* Resources */,
			);
			buildRules = (
			);
			dependencies = (
			);
			fileSystemSynchronizedGroups = (
				D00DB8802D38CC8000357168 /* BottomSheetAboveNavigationBar */,
			);
			name = BottomSheetAboveNavigationBar;
			packageProductDependencies = (
			);
			productName = BottomSheetAboveNavigationBar;
			productReference = D00DB87E2D38CC8000357168 /* BottomSheetAboveNavigationBar.app */;
			productType = "com.apple.product-type.application";
		};
		D00DB8962D38CC8300357168 /* BottomSheetAboveNavigationBarTests */ = {
			isa = PBXNativeTarget;
			buildConfigurationList = D00DB8AF2D38CC8300357168 /* Build configuration list for PBXNativeTarget "BottomSheetAboveNavigationBarTests" */;
			buildPhases = (
				D00DB8932D38CC8300357168 /* Sources */,
				D00DB8942D38CC8300357168 /* Frameworks */,
				D00DB8952D38CC8300357168 /* Resources */,
			);
			buildRules = (
			);
			dependencies = (
				D00DB8992D38CC8300357168 /* PBXTargetDependency */,
			);
			fileSystemSynchronizedGroups = (
				D00DB89A2D38CC8300357168 /* BottomSheetAboveNavigationBarTests */,
			);
			name = BottomSheetAboveNavigationBarTests;
			packageProductDependencies = (
			);
			productName = BottomSheetAboveNavigationBarTests;
			productReference = D00DB8972D38CC8300357168 /* BottomSheetAboveNavigationBarTests.xctest */;
			productType = "com.apple.product-type.bundle.unit-test";
		};
		D00DB8A02D38CC8300357168 /* BottomSheetAboveNavigationBarUITests */ = {
			isa = PBXNativeTarget;
			buildConfigurationList = D00DB8B22D38CC8300357168 /* Build configuration list for PBXNativeTarget "BottomSheetAboveNavigationBarUITests" */;
			buildPhases = (
				D00DB89D2D38CC8300357168 /* Sources */,
				D00DB89E2D38CC8300357168 /* Frameworks */,
				D00DB89F2D38CC8300357168 /* Resources */,
			);
			buildRules = (
			);
			dependencies = (
				D00DB8A32D38CC8300357168 /* PBXTargetDependency */,
			);
			fileSystemSynchronizedGroups = (
				D00DB8A42D38CC8300357168 /* BottomSheetAboveNavigationBarUITests */,
			);
			name = BottomSheetAboveNavigationBarUITests;
			packageProductDependencies = (
			);
			productName = BottomSheetAboveNavigationBarUITests;
			productReference = D00DB8A12D38CC8300357168 /* BottomSheetAboveNavigationBarUITests.xctest */;
			productType = "com.apple.product-type.bundle.ui-testing";
		};
/* End PBXNativeTarget section */

/* Begin PBXProject section */
		D00DB8762D38CC8000357168 /* Project object */ = {
			isa = PBXProject;
			attributes = {
				BuildIndependentTargetsInParallel = 1;
				LastSwiftUpdateCheck = 1620;
				LastUpgradeCheck = 1620;
				TargetAttributes = {
					D00DB87D2D38CC8000357168 = {
						CreatedOnToolsVersion = 16.2;
					};
					D00DB8962D38CC8300357168 = {
						CreatedOnToolsVersion = 16.2;
						TestTargetID = D00DB87D2D38CC8000357168;
					};
					D00DB8A02D38CC8300357168 = {
						CreatedOnToolsVersion = 16.2;
						TestTargetID = D00DB87D2D38CC8000357168;
					};
				};
			};
			buildConfigurationList = D00DB8792D38CC8000357168 /* Build configuration list for PBXProject "BottomSheetAboveNavigationBar" */;
			developmentRegion = en;
			hasScannedForEncodings = 0;
			knownRegions = (
				en,
				Base,
			);
			mainGroup = D00DB8752D38CC8000357168;
			minimizedProjectReferenceProxies = 1;
			preferredProjectObjectVersion = 77;
			productRefGroup = D00DB87F2D38CC8000357168 /* Products */;
			projectDirPath = "";
			projectRoot = "";
			targets = (
				D00DB87D2D38CC8000357168 /* BottomSheetAboveNavigationBar */,
				D00DB8962D38CC8300357168 /* BottomSheetAboveNavigationBarTests */,
				D00DB8A02D38CC8300357168 /* BottomSheetAboveNavigationBarUITests */,
			);
		};
/* End PBXProject section */

/* Begin PBXResourcesBuildPhase section */
		D00DB87C2D38CC8000357168 /* Resources */ = {
			isa = PBXResourcesBuildPhase;
			buildActionMask = 2147483647;
			files = (
			);
			runOnlyForDeploymentPostprocessing = 0;
		};
		D00DB8952D38CC8300357168 /* Resources */ = {
			isa = PBXResourcesBuildPhase;
			buildActionMask = 2147483647;
			files = (
			);
			runOnlyForDeploymentPostprocessing = 0;
		};
		D00DB89F2D38CC8300357168 /* Resources */ = {
			isa = PBXResourcesBuildPhase;
			buildActionMask = 2147483647;
			files = (
			);
			runOnlyForDeploymentPostprocessing = 0;
		};
/* End PBXResourcesBuildPhase section */

/* Begin PBXSourcesBuildPhase section */
		D00DB87A2D38CC8000357168 /* Sources */ = {
			isa = PBXSourcesBuildPhase;
			buildActionMask = 2147483647;
			files = (
			);
			runOnlyForDeploymentPostprocessing = 0;
		};
		D00DB8932D38CC8300357168 /* Sources */ = {
			isa = PBXSourcesBuildPhase;
			buildActionMask = 2147483647;
			files = (
			);
			runOnlyForDeploymentPostprocessing = 0;
		};
		D00DB89D2D38CC8300357168 /* Sources */ = {
			isa = PBXSourcesBuildPhase;
			buildActionMask = 2147483647;
			files = (
			);
			runOnlyForDeploymentPostprocessing = 0;
		};
/* End PBXSourcesBuildPhase section */

/* Begin PBXTargetDependency section */
		D00DB8992D38CC8300357168 /* PBXTargetDependency */ = {
			isa = PBXTargetDependency;
			target = D00DB87D2D38CC8000357168 /* BottomSheetAboveNavigationBar */;
			targetProxy = D00DB8982D38CC8300357168 /* PBXContainerItemProxy */;
		};
		D00DB8A32D38CC8300357168 /* PBXTargetDependency */ = {
			isa = PBXTargetDependency;
			target = D00DB87D2D38CC8000357168 /* BottomSheetAboveNavigationBar */;
			targetProxy = D00DB8A22D38CC8300357168 /* PBXContainerItemProxy */;
		};
/* End PBXTargetDependency section */

/* Begin XCBuildConfiguration section */
		D00DB8AB2D38CC8300357168 /* Debug */ = {
			isa = XCBuildConfiguration;
			buildSettings = {
				ASSETCATALOG_COMPILER_APPICON_NAME = AppIcon;
				ASSETCATALOG_COMPILER_GLOBAL_ACCENT_COLOR_NAME = AccentColor;
				CODE_SIGN_STYLE = Automatic;
				CURRENT_PROJECT_VERSION = 1;
				GENERATE_INFOPLIST_FILE = YES;
				INFOPLIST_FILE = BottomSheetAboveNavigationBar/Info.plist;
				INFOPLIST_KEY_UIApplicationSupportsIndirectInputEvents = YES;
				INFOPLIST_KEY_UILaunchStoryboardName = LaunchScreen;
				INFOPLIST_KEY_UIMainStoryboardFile = Main;
				INFOPLIST_KEY_UISupportedInterfaceOrientations_iPad = "UIInterfaceOrientationPortrait UIInterfaceOrientationPortraitUpsideDown UIInterfaceOrientationLandscapeLeft UIInterfaceOrientationLandscapeRight";
				INFOPLIST_KEY_UISupportedInterfaceOrientations_iPhone = "UIInterfaceOrientationPortrait UIInterfaceOrientationLandscapeLeft UIInterfaceOrientationLandscapeRight";
				LD_RUNPATH_SEARCH_PATHS = (
					"$(inherited)",
					"@executable_path/Frameworks",
				);
				MARKETING_VERSION = 1.0;
				PRODUCT_BUNDLE_IDENTIFIER = com.elexoft.BottomSheetAboveNavigationBar;
				PRODUCT_NAME = "$(TARGET_NAME)";
				SWIFT_EMIT_LOC_STRINGS = YES;
				SWIFT_VERSION = 5.0;
				TARGETED_DEVICE_FAMILY = "1,2";
			};
			name = Debug;
		};
		D00DB8AC2D38CC8300357168 /* Release */ = {
			isa = XCBuildConfiguration;
			buildSettings = {
				ASSETCATALOG_COMPILER_APPICON_NAME = AppIcon;
				ASSETCATALOG_COMPILER_GLOBAL_ACCENT_COLOR_NAME = AccentColor;
				CODE_SIGN_STYLE = Automatic;
				CURRENT_PROJECT_VERSION = 1;
				GENERATE_INFOPLIST_FILE = YES;
				INFOPLIST_FILE = BottomSheetAboveNavigationBar/Info.plist;
				INFOPLIST_KEY_UIApplicationSupportsIndirectInputEvents = YES;
				INFOPLIST_KEY_UILaunchStoryboardName = LaunchScreen;
				INFOPLIST_KEY_UIMainStoryboardFile = Main;
				INFOPLIST_KEY_UISupportedInterfaceOrientations_iPad = "UIInterfaceOrientationPortrait UIInterfaceOrientationPortraitUpsideDown UIInterfaceOrientationLandscapeLeft UIInterfaceOrientationLandscapeRight";
				INFOPLIST_KEY_UISupportedInterfaceOrientations_iPhone = "UIInterfaceOrientationPortrait UIInterfaceOrientationLandscapeLeft UIInterfaceOrientationLandscapeRight";
				LD_RUNPATH_SEARCH_PATHS = (
					"$(inherited)",
					"@executable_path/Frameworks",
				);
				MARKETING_VERSION = 1.0;
				PRODUCT_BUNDLE_IDENTIFIER = com.elexoft.BottomSheetAboveNavigationBar;
				PRODUCT_NAME = "$(TARGET_NAME)";
				SWIFT_EMIT_LOC_STRINGS = YES;
				SWIFT_VERSION = 5.0;
				TARGETED_DEVICE_FAMILY = "1,2";
			};
			name = Release;
		};
		D00DB8AD2D38CC8300357168 /* Debug */ = {
			isa = XCBuildConfiguration;
			buildSettings = {
				ALWAYS_SEARCH_USER_PATHS = NO;
				ASSETCATALOG_COMPILER_GENERATE_SWIFT_ASSET_SYMBOL_EXTENSIONS = YES;
				CLANG_ANALYZER_NONNULL = YES;
				CLANG_ANALYZER_NUMBER_OBJECT_CONVERSION = YES_AGGRESSIVE;
				CLANG_CXX_LANGUAGE_STANDARD = "gnu++20";
				CLANG_ENABLE_MODULES = YES;
				CLANG_ENABLE_OBJC_ARC = YES;
				CLANG_ENABLE_OBJC_WEAK = YES;
				CLANG_WARN_BLOCK_CAPTURE_AUTORELEASING = YES;
				CLANG_WARN_BOOL_CONVERSION = YES;
				CLANG_WARN_COMMA = YES;
				CLANG_WARN_CONSTANT_CONVERSION = YES;
				CLANG_WARN_DEPRECATED_OBJC_IMPLEMENTATIONS = YES;
				CLANG_WARN_DIRECT_OBJC_ISA_USAGE = YES_ERROR;
				CLANG_WARN_DOCUMENTATION_COMMENTS = YES;
				CLANG_WARN_EMPTY_BODY = YES;
				CLANG_WARN_ENUM_CONVERSION = YES;
				CLANG_WARN_INFINITE_RECURSION = YES;
				CLANG_WARN_INT_CONVERSION = YES;
				CLANG_WARN_NON_LITERAL_NULL_CONVERSION = YES;
				CLANG_WARN_OBJC_IMPLICIT_RETAIN_SELF = YES;
				CLANG_WARN_OBJC_LITERAL_CONVERSION = YES;
				CLANG_WARN_OBJC_ROOT_CLASS = YES_ERROR;
				CLANG_WARN_QUOTED_INCLUDE_IN_FRAMEWORK_HEADER = YES;
				CLANG_WARN_RANGE_LOOP_ANALYSIS = YES;
				CLANG_WARN_STRICT_PROTOTYPES = YES;
				CLANG_WARN_SUSPICIOUS_MOVE = YES;
				CLANG_WARN_UNGUARDED_AVAILABILITY = YES_AGGRESSIVE;
				CLANG_WARN_UNREACHABLE_CODE = YES;
				CLANG_WARN__DUPLICATE_METHOD_MATCH = YES;
				COPY_PHASE_STRIP = NO;
				DEBUG_INFORMATION_FORMAT = dwarf;
				ENABLE_STRICT_OBJC_MSGSEND = YES;
				ENABLE_TESTABILITY = YES;
				ENABLE_USER_SCRIPT_SANDBOXING = YES;
				GCC_C_LANGUAGE_STANDARD = gnu17;
				GCC_DYNAMIC_NO_PIC = NO;
				GCC_NO_COMMON_BLOCKS = YES;
				GCC_OPTIMIZATION_LEVEL = 0;
				GCC_PREPROCESSOR_DEFINITIONS = (
					"DEBUG=1",
					"$(inherited)",
				);
				GCC_WARN_64_TO_32_BIT_CONVERSION = YES;
				GCC_WARN_ABOUT_RETURN_TYPE = YES_ERROR;
				GCC_WARN_UNDECLARED_SELECTOR = YES;
				GCC_WARN_UNINITIALIZED_AUTOS = YES_AGGRESSIVE;
				GCC_WARN_UNUSED_FUNCTION = YES;
				GCC_WARN_UNUSED_VARIABLE = YES;
				IPHONEOS_DEPLOYMENT_TARGET = 18.2;
				LOCALIZATION_PREFERS_STRING_CATALOGS = YES;
				MTL_ENABLE_DEBUG_INFO = INCLUDE_SOURCE;
				MTL_FAST_MATH = YES;
				ONLY_ACTIVE_ARCH = YES;
				SDKROOT = iphoneos;
				SWIFT_ACTIVE_COMPILATION_CONDITIONS = "DEBUG $(inherited)";
				SWIFT_OPTIMIZATION_LEVEL = "-Onone";
			};
			name = Debug;
		};
		D00DB8AE2D38CC8300357168 /* Release */ = {
			isa = XCBuildConfiguration;
			buildSettings = {
				ALWAYS_SEARCH_USER_PATHS = NO;
				ASSETCATALOG_COMPILER_GENERATE_SWIFT_ASSET_SYMBOL_EXTENSIONS = YES;
				CLANG_ANALYZER_NONNULL = YES;
				CLANG_ANALYZER_NUMBER_OBJECT_CONVERSION = YES_AGGRESSIVE;
				CLANG_CXX_LANGUAGE_STANDARD = "gnu++20";
				CLANG_ENABLE_MODULES = YES;
				CLANG_ENABLE_OBJC_ARC = YES;
				CLANG_ENABLE_OBJC_WEAK = YES;
				CLANG_WARN_BLOCK_CAPTURE_AUTORELEASING = YES;
				CLANG_WARN_BOOL_CONVERSION = YES;
				CLANG_WARN_COMMA = YES;
				CLANG_WARN_CONSTANT_CONVERSION = YES;
				CLANG_WARN_DEPRECATED_OBJC_IMPLEMENTATIONS = YES;
				CLANG_WARN_DIRECT_OBJC_ISA_USAGE = YES_ERROR;
				CLANG_WARN_DOCUMENTATION_COMMENTS = YES;
				CLANG_WARN_EMPTY_BODY = YES;
				CLANG_WARN_ENUM_CONVERSION = YES;
				CLANG_WARN_INFINITE_RECURSION = YES;
				CLANG_WARN_INT_CONVERSION = YES;
				CLANG_WARN_NON_LITERAL_NULL_CONVERSION = YES;
				CLANG_WARN_OBJC_IMPLICIT_RETAIN_SELF = YES;
				CLANG_WARN_OBJC_LITERAL_CONVERSION = YES;
				CLANG_WARN_OBJC_ROOT_CLASS = YES_ERROR;
				CLANG_WARN_QUOTED_INCLUDE_IN_FRAMEWORK_HEADER = YES;
				CLANG_WARN_RANGE_LOOP_ANALYSIS = YES;
				CLANG_WARN_STRICT_PROTOTYPES = YES;
				CLANG_WARN_SUSPICIOUS_MOVE = YES;
				CLANG_WARN_UNGUARDED_AVAILABILITY = YES_AGGRESSIVE;
				CLANG_WARN_UNREACHABLE_CODE = YES;
				CLANG_WARN__DUPLICATE_METHOD_MATCH = YES;
				COPY_PHASE_STRIP = NO;
				DEBUG_INFORMATION_FORMAT = "dwarf-with-dsym";
				ENABLE_NS_ASSERTIONS = NO;
				ENABLE_STRICT_OBJC_MSGSEND = YES;
				ENABLE_USER_SCRIPT_SANDBOXING = YES;
				GCC_C_LANGUAGE_STANDARD = gnu17;
				GCC_NO_COMMON_BLOCKS = YES;
				GCC_WARN_64_TO_32_BIT_CONVERSION = YES;
				GCC_WARN_ABOUT_RETURN_TYPE = YES_ERROR;
				GCC_WARN_UNDECLARED_SELECTOR = YES;
				GCC_WARN_UNINITIALIZED_AUTOS = YES_AGGRESSIVE;
				GCC_WARN_UNUSED_FUNCTION = YES;
				GCC_WARN_UNUSED_VARIABLE = YES;
				IPHONEOS_DEPLOYMENT_TARGET = 18.2;
				LOCALIZATION_PREFERS_STRING_CATALOGS = YES;
				MTL_ENABLE_DEBUG_INFO = NO;
				MTL_FAST_MATH = YES;
				SDKROOT = iphoneos;
				SWIFT_COMPILATION_MODE = wholemodule;
				VALIDATE_PRODUCT = YES;
			};
			name = Release;
		};
		D00DB8B02D38CC8300357168 /* Debug */ = {
			isa = XCBuildConfiguration;
			buildSettings = {
				BUNDLE_LOADER = "$(TEST_HOST)";
				CODE_SIGN_STYLE = Automatic;
				CURRENT_PROJECT_VERSION = 1;
				GENERATE_INFOPLIST_FILE = YES;
				IPHONEOS_DEPLOYMENT_TARGET = 18.2;
				MARKETING_VERSION = 1.0;
				PRODUCT_BUNDLE_IDENTIFIER = com.elexoft.BottomSheetAboveNavigationBarTests;
				PRODUCT_NAME = "$(TARGET_NAME)";
				SWIFT_EMIT_LOC_STRINGS = NO;
				SWIFT_VERSION = 5.0;
				TARGETED_DEVICE_FAMILY = "1,2";
				TEST_HOST = "$(BUILT_PRODUCTS_DIR)/BottomSheetAboveNavigationBar.app/$(BUNDLE_EXECUTABLE_FOLDER_PATH)/BottomSheetAboveNavigationBar";
			};
			name = Debug;
		};
		D00DB8B12D38CC8300357168 /* Release */ = {
			isa = XCBuildConfiguration;
			buildSettings = {
				BUNDLE_LOADER = "$(TEST_HOST)";
				CODE_SIGN_STYLE = Automatic;
				CURRENT_PROJECT_VERSION = 1;
				GENERATE_INFOPLIST_FILE = YES;
				IPHONEOS_DEPLOYMENT_TARGET = 18.2;
				MARKETING_VERSION = 1.0;
				PRODUCT_BUNDLE_IDENTIFIER = com.elexoft.BottomSheetAboveNavigationBarTests;
				PRODUCT_NAME = "$(TARGET_NAME)";
				SWIFT_EMIT_LOC_STRINGS = NO;
				SWIFT_VERSION = 5.0;
				TARGETED_DEVICE_FAMILY = "1,2";
				TEST_HOST = "$(BUILT_PRODUCTS_DIR)/BottomSheetAboveNavigationBar.app/$(BUNDLE_EXECUTABLE_FOLDER_PATH)/BottomSheetAboveNavigationBar";
			};
			name = Release;
		};
		D00DB8B32D38CC8300357168 /* Debug */ = {
			isa = XCBuildConfiguration;
			buildSettings = {
				CODE_SIGN_STYLE = Automatic;
				CURRENT_PROJECT_VERSION = 1;
				GENERATE_INFOPLIST_FILE = YES;
				MARKETING_VERSION = 1.0;
				PRODUCT_BUNDLE_IDENTIFIER = com.elexoft.BottomSheetAboveNavigationBarUITests;
				PRODUCT_NAME = "$(TARGET_NAME)";
				SWIFT_EMIT_LOC_STRINGS = NO;
				SWIFT_VERSION = 5.0;
				TARGETED_DEVICE_FAMILY = "1,2";
				TEST_TARGET_NAME = BottomSheetAboveNavigationBar;
			};
			name = Debug;
		};
		D00DB8B42D38CC8300357168 /* Release */ = {
			isa = XCBuildConfiguration;
			buildSettings = {
				CODE_SIGN_STYLE = Automatic;
				CURRENT_PROJECT_VERSION = 1;
				GENERATE_INFOPLIST_FILE = YES;
				MARKETING_VERSION = 1.0;
				PRODUCT_BUNDLE_IDENTIFIER = com.elexoft.BottomSheetAboveNavigationBarUITests;
				PRODUCT_NAME = "$(TARGET_NAME)";
				SWIFT_EMIT_LOC_STRINGS = NO;
				SWIFT_VERSION = 5.0;
				TARGETED_DEVICE_FAMILY = "1,2";
				TEST_TARGET_NAME = BottomSheetAboveNavigationBar;
			};
			name = Release;
		};
/* End XCBuildConfiguration section */

/* Begin XCConfigurationList section */
		D00DB8792D38CC8000357168 /* Build configuration list for PBXProject "BottomSheetAboveNavigationBar" */ = {
			isa = XCConfigurationList;
			buildConfigurations = (
				D00DB8AD2D38CC8300357168 /* Debug */,
				D00DB8AE2D38CC8300357168 /* Release */,
			);
			defaultConfigurationIsVisible = 0;
			defaultConfigurationName = Release;
		};
		D00DB8AA2D38CC8300357168 /* Build configuration list for PBXNativeTarget "BottomSheetAboveNavigationBar" */ = {
			isa = XCConfigurationList;
			buildConfigurations = (
				D00DB8AB2D38CC8300357168 /* Debug */,
				D00DB8AC2D38CC8300357168 /* Release */,
			);
			defaultConfigurationIsVisible = 0;
			defaultConfigurationName = Release;
		};
		D00DB8AF2D38CC8300357168 /* Build configuration list for PBXNativeTarget "BottomSheetAboveNavigationBarTests" */ = {
			isa = XCConfigurationList;
			buildConfigurations = (
				D00DB8B02D38CC8300357168 /* Debug */,
				D00DB8B12D38CC8300357168 /* Release */,
			);
			defaultConfigurationIsVisible = 0;
			defaultConfigurationName = Release;
		};
		D00DB8B22D38CC8300357168 /* Build configuration list for PBXNativeTarget "BottomSheetAboveNavigationBarUITests" */ = {
			isa = XCConfigurationList;
			buildConfigurations = (
				D00DB8B32D38CC8300357168 /* Debug */,
				D00DB8B42D38CC8300357168 /* Release */,
			);
			defaultConfigurationIsVisible = 0;
			defaultConfigurationName = Release;
		};
/* End XCConfigurationList section */
	};
	rootObject = D00DB8762D38CC8000357168 /* Project object */;
}
