// !$*UTF8*$!
{
	archiveVersion = 1;
	classes = {
	};
	objectVersion = 77;
	objects = {

/* Begin PBXBuildFile section */
		6E621E2240888CB46FFC4E44 /* Pods_BottomSheetAboveNavigationBar_BottomSheetAboveNavigationBarUITests.framework in Frameworks */ = {isa = PBXBuildFile; fileRef = 7BF187B137CF559F37690715 /* Pods_BottomSheetAboveNavigationBar_BottomSheetAboveNavigationBarUITests.framework */; };
		AA05F20BE735081B7D356DBB /* Pods_BottomSheetAboveNavigationBarTests.framework in Frameworks */ = {isa = PBXBuildFile; fileRef = C183832972F98AB5BED4299D /* Pods_BottomSheetAboveNavigationBarTests.framework */; };
		B55245680706CC4AA0A84540 /* Pods_BottomSheetAboveNavigationBar.framework in Frameworks */ = {isa = PBXBuildFile; fileRef = FA41959378FDCDA5DF261ED3 /* Pods_BottomSheetAboveNavigationBar.framework */; };
/* End PBXBuildFile section */

/* Begin PBXContainerItemProxy section */
		D00DB8982D38CC8300357168 /* PBXContainerItemProxy */ = {
			isa = PBXContainerItemProxy;
			containerPortal = D00DB8762D38CC8000357168 /* Project object */;
			proxyType = 1;
			remoteGlobalIDString = D00DB87D2D38CC8000357168;
			remoteInfo = BottomSheetAboveNavigationBar;
		};
		D00DB8A22D38CC8300357168 /* PBXContainerItemProxy */ = {
			isa = PBXContainerItemProxy;
			containerPortal = D00DB8762D38CC8000357168 /* Project object */;
			proxyType = 1;
			remoteGlobalIDString = D00DB87D2D38CC8000357168;
			remoteInfo = BottomSheetAboveNavigationBar;
		};
/* End PBXContainerItemProxy section */

/* Begin PBXFileReference section */
		09A168CD03B768D990CCC720 /* Pods-BottomSheetAboveNavigationBar.debug.xcconfig */ = {isa = PBXFileReference; includeInIndex = 1; lastKnownFileType = text.xcconfig; name = "Pods-BottomSheetAboveNavigationBar.debug.xcconfig"; path = "Target Support Files/Pods-BottomSheetAboveNavigationBar/Pods-BottomSheetAboveNavigationBar.debug.xcconfig"; sourceTree = "<group>"; };
		51636196CE88BE1B23BA80B0 /* Pods-BottomSheetAboveNavigationBarTests.debug.xcconfig */ = {isa = PBXFileReference; includeInIndex = 1; lastKnownFileType = text.xcconfig; name = "Pods-BottomSheetAboveNavigationBarTests.debug.xcconfig"; path = "Target Support Files/Pods-BottomSheetAboveNavigationBarTests/Pods-BottomSheetAboveNavigationBarTests.debug.xcconfig"; sourceTree = "<group>"; };
		7BF187B137CF559F37690715 /* Pods_BottomSheetAboveNavigationBar_BottomSheetAboveNavigationBarUITests.framework */ = {isa = PBXFileReference; explicitFileType = wrapper.framework; includeInIndex = 0; path = Pods_BottomSheetAboveNavigationBar_BottomSheetAboveNavigationBarUITests.framework; sourceTree = BUILT_PRODUCTS_DIR; };
		ABDE27F19D010A5B8CE32D3D /* Pods-BottomSheetAboveNavigationBarTests.release.xcconfig */ = {isa = PBXFileReference; includeInIndex = 1; lastKnownFileType = text.xcconfig; name = "Pods-BottomSheetAboveNavigationBarTests.release.xcconfig"; path = "Target Support Files/Pods-BottomSheetAboveNavigationBarTests/Pods-BottomSheetAboveNavigationBarTests.release.xcconfig"; sourceTree = "<group>"; };
		BBDC28D2B2944CBA6EF5A765 /* Pods-BottomSheetAboveNavigationBar.release.xcconfig */ = {isa = PBXFileReference; includeInIndex = 1; lastKnownFileType = text.xcconfig; name = "Pods-BottomSheetAboveNavigationBar.release.xcconfig"; path = "Target Support Files/Pods-BottomSheetAboveNavigationBar/Pods-BottomSheetAboveNavigationBar.release.xcconfig"; sourceTree = "<group>"; };
		C183832972F98AB5BED4299D /* Pods_BottomSheetAboveNavigationBarTests.framework */ = {isa = PBXFileReference; explicitFileType = wrapper.framework; includeInIndex = 0; path = Pods_BottomSheetAboveNavigationBarTests.framework; sourceTree = BUILT_PRODUCTS_DIR; };
		CD09A589A4020F0616E318C4 /* Pods-BottomSheetAboveNavigationBar-BottomSheetAboveNavigationBarUITests.release.xcconfig */ = {isa = PBXFileReference; includeInIndex = 1; lastKnownFileType = text.xcconfig; name = "Pods-BottomSheetAboveNavigationBar-BottomSheetAboveNavigationBarUITests.release.xcconfig"; path = "Target Support Files/Pods-BottomSheetAboveNavigationBar-BottomSheetAboveNavigationBarUITests/Pods-BottomSheetAboveNavigationBar-BottomSheetAboveNavigationBarUITests.release.xcconfig"; sourceTree = "<group>"; };
		D00DB87E2D38CC8000357168 /* BottomSheetAboveNavigationBar.app */ = {isa = PBXFileReference; explicitFileType = wrapper.application; includeInIndex = 0; path = BottomSheetAboveNavigationBar.app; sourceTree = BUILT_PRODUCTS_DIR; };
		D00DB8972D38CC8300357168 /* BottomSheetAboveNavigationBarTests.xctest */ = {isa = PBXFileReference; explicitFileType = wrapper.cfbundle; includeInIndex = 0; path = BottomSheetAboveNavigationBarTests.xctest; sourceTree = BUILT_PRODUCTS_DIR; };
		D00DB8A12D38CC8300357168 /* BottomSheetAboveNavigationBarUITests.xctest */ = {isa = PBXFileReference; explicitFileType = wrapper.cfbundle; includeInIndex = 0; path = BottomSheetAboveNavigationBarUITests.xctest; sourceTree = BUILT_PRODUCTS_DIR; };
		E54B077805628F9CA4A4353F /* Pods-BottomSheetAboveNavigationBar-BottomSheetAboveNavigationBarUITests.debug.xcconfig */ = {isa = PBXFileReference; includeInIndex = 1; lastKnownFileType = text.xcconfig; name = "Pods-BottomSheetAboveNavigationBar-BottomSheetAboveNavigationBarUITests.debug.xcconfig"; path = "Target Support Files/Pods-BottomSheetAboveNavigationBar-BottomSheetAboveNavigationBarUITests/Pods-BottomSheetAboveNavigationBar-BottomSheetAboveNavigationBarUITests.debug.xcconfig"; sourceTree = "<group>"; };
		FA41959378FDCDA5DF261ED3 /* Pods_BottomSheetAboveNavigationBar.framework */ = {isa = PBXFileReference; explicitFileType = wrapper.framework; includeInIndex = 0; path = Pods_BottomSheetAboveNavigationBar.framework; sourceTree = BUILT_PRODUCTS_DIR; };
/* End PBXFileReference section */

/* Begin PBXFileSystemSynchronizedBuildFileExceptionSet section */
		D00DB8A92D38CC8300357168 /* Exceptions for "BottomSheetAboveNavigationBar" folder in "BottomSheetAboveNavigationBar" target */ = {
			isa = PBXFileSystemSynchronizedBuildFileExceptionSet;
			membershipExceptions = (
				Info.plist,
			);
			target = D00DB87D2D38CC8000357168 /* BottomSheetAboveNavigationBar */;
		};
/* End PBXFileSystemSynchronizedBuildFileExceptionSet section */

/* Begin PBXFileSystemSynchronizedRootGroup section */
		D00DB8802D38CC8000357168 /* BottomSheetAboveNavigationBar */ = {
			isa = PBXFileSystemSynchronizedRootGroup;
			exceptions = (
				D00DB8A92D38CC8300357168 /* Exceptions for "BottomSheetAboveNavigationBar" folder in "BottomSheetAboveNavigationBar" target */,
			);
			path = BottomSheetAboveNavigationBar;
			sourceTree = "<group>";
		};
		D00DB89A2D38CC8300357168 /* BottomSheetAboveNavigationBarTests */ = {
			isa = PBXFileSystemSynchronizedRootGroup;
			exceptions = (
			);
			path = BottomSheetAboveNavigationBarTests;
			sourceTree = "<group>";
		};
		D00DB8A42D38CC8300357168 /* BottomSheetAboveNavigationBarUITests */ = {
			isa = PBXFileSystemSynchronizedRootGroup;
			exceptions = (
			);
			path = BottomSheetAboveNavigationBarUITests;
			sourceTree = "<group>";
		};
/* End PBXFileSystemSynchronizedRootGroup section */

/* Begin PBXFrameworksBuildPhase section */
		D00DB87B2D38CC8000357168 /* Frameworks */ = {
			isa = PBXFrameworksBuildPhase;
			buildActionMask = 2147483647;
			files = (
				B55245680706CC4AA0A84540 /* Pods_BottomSheetAboveNavigationBar.framework in Frameworks */,
			);
			runOnlyForDeploymentPostprocessing = 0;
		};
		D00DB8942D38CC8300357168 /* Frameworks */ = {
			isa = PBXFrameworksBuildPhase;
			buildActionMask = 2147483647;
			files = (
				AA05F20BE735081B7D356DBB /* Pods_BottomSheetAboveNavigationBarTests.framework in Frameworks */,
			);
			runOnlyForDeploymentPostprocessing = 0;
		};
		D00DB89E2D38CC8300357168 /* Frameworks */ = {
			isa = PBXFrameworksBuildPhase;
			buildActionMask = 2147483647;
			files = (
				6E621E2240888CB46FFC4E44 /* Pods_BottomSheetAboveNavigationBar_BottomSheetAboveNavigationBarUITests.framework in Frameworks */,
			);
			runOnlyForDeploymentPostprocessing = 0;
		};
/* End PBXFrameworksBuildPhase section */

/* Begin PBXGroup section */
		1B43EC3C49952A12BF335B5C /* Pods */ = {
			isa = PBXGroup;
			children = (
				09A168CD03B768D990CCC720 /* Pods-BottomSheetAboveNavigationBar.debug.xcconfig */,
				BBDC28D2B2944CBA6EF5A765 /* Pods-BottomSheetAboveNavigationBar.release.xcconfig */,
				E54B077805628F9CA4A4353F /* Pods-BottomSheetAboveNavigationBar-BottomSheetAboveNavigationBarUITests.debug.xcconfig */,
				CD09A589A4020F0616E318C4 /* Pods-BottomSheetAboveNavigationBar-BottomSheetAboveNavigationBarUITests.release.xcconfig */,
				51636196CE88BE1B23BA80B0 /* Pods-BottomSheetAboveNavigationBarTests.debug.xcconfig */,
				ABDE27F19D010A5B8CE32D3D /* Pods-BottomSheetAboveNavigationBarTests.release.xcconfig */,
			);
			name = Pods;
			path = Pods;
			sourceTree = "<group>";
		};
		461DD54E1709E631D104A44B /* Frameworks */ = {
			isa = PBXGroup;
			children = (
				FA41959378FDCDA5DF261ED3 /* Pods_BottomSheetAboveNavigationBar.framework */,
				7BF187B137CF559F37690715 /* Pods_BottomSheetAboveNavigationBar_BottomSheetAboveNavigationBarUITests.framework */,
				C183832972F98AB5BED4299D /* Pods_BottomSheetAboveNavigationBarTests.framework */,
			);
			name = Frameworks;
			sourceTree = "<group>";
		};
		D00DB8752D38CC8000357168 = {
			isa = PBXGroup;
			children = (
				D00DB8802D38CC8000357168 /* BottomSheetAboveNavigationBar */,
				D00DB89A2D38CC8300357168 /* BottomSheetAboveNavigationBarTests */,
				D00DB8A42D38CC8300357168 /* BottomSheetAboveNavigationBarUITests */,
				D00DB87F2D38CC8000357168 /* Products */,
				1B43EC3C49952A12BF335B5C /* Pods */,
				461DD54E1709E631D104A44B /* Frameworks */,
			);
			sourceTree = "<group>";
		};
		D00DB87F2D38CC8000357168 /* Products */ = {
			isa = PBXGroup;
			children = (
				D00DB87E2D38CC8000357168 /* BottomSheetAboveNavigationBar.app */,
				D00DB8972D38CC8300357168 /* BottomSheetAboveNavigationBarTests.xctest */,
				D00DB8A12D38CC8300357168 /* BottomSheetAboveNavigationBarUITests.xctest */,
			);
			name = Products;
			sourceTree = "<group>";
		};
/* End PBXGroup section */

/* Begin PBXNativeTarget section */
		D00DB87D2D38CC8000357168 /* BottomSheetAboveNavigationBar */ = {
			isa = PBXNativeTarget;
			buildConfigurationList = D00DB8AA2D38CC8300357168 /* Build configuration list for PBXNativeTarget "BottomSheetAboveNavigationBar" */;
			buildPhases = (
				0897652F0E1CD8C043CBE1FE /* [CP] Check Pods Manifest.lock */,
				D00DB87A2D38CC8000357168 /* Sources */,
				D00DB87B2D38CC8000357168 /* Frameworks */,
				D00DB87C2D38CC8000357168 /* Resources */,
			);
			buildRules = (
			);
			dependencies = (
			);
			fileSystemSynchronizedGroups = (
				D00DB8802D38CC8000357168 /* BottomSheetAboveNavigationBar */,
			);
			name = BottomSheetAboveNavigationBar;
			productName = BottomSheetAboveNavigationBar;
			productReference = D00DB87E2D38CC8000357168 /* BottomSheetAboveNavigationBar.app */;
			productType = "com.apple.product-type.application";
		};
		D00DB8962D38CC8300357168 /* BottomSheetAboveNavigationBarTests */ = {
			isa = PBXNativeTarget;
			buildConfigurationList = D00DB8AF2D38CC8300357168 /* Build configuration list for PBXNativeTarget "BottomSheetAboveNavigationBarTests" */;
			buildPhases = (
				E31BBEDB7248553B37E519A2 /* [CP] Check Pods Manifest.lock */,
				D00DB8932D38CC8300357168 /* Sources */,
				D00DB8942D38CC8300357168 /* Frameworks */,
				D00DB8952D38CC8300357168 /* Resources */,
			);
			buildRules = (
			);
			dependencies = (
				D00DB8992D38CC8300357168 /* PBXTargetDependency */,
			);
			fileSystemSynchronizedGroups = (
				D00DB89A2D38CC8300357168 /* BottomSheetAboveNavigationBarTests */,
			);
			name = BottomSheetAboveNavigationBarTests;
			productName = BottomSheetAboveNavigationBarTests;
			productReference = D00DB8972D38CC8300357168 /* BottomSheetAboveNavigationBarTests.xctest */;
			productType = "com.apple.product-type.bundle.unit-test";
		};
		D00DB8A02D38CC8300357168 /* BottomSheetAboveNavigationBarUITests */ = {
			isa = PBXNativeTarget;
			buildConfigurationList = D00DB8B22D38CC8300357168 /* Build configuration list for PBXNativeTarget "BottomSheetAboveNavigationBarUITests" */;
			buildPhases = (
				3AEBF9363D97F586104DEA8F /* [CP] Check Pods Manifest.lock */,
				D00DB89D2D38CC8300357168 /* Sources */,
				D00DB89E2D38CC8300357168 /* Frameworks */,
				D00DB89F2D38CC8300357168 /* Resources */,
			);
			buildRules = (
			);
			dependencies = (
				D00DB8A32D38CC8300357168 /* PBXTargetDependency */,
			);
			fileSystemSynchronizedGroups = (
				D00DB8A42D38CC8300357168 /* BottomSheetAboveNavigationBarUITests */,
			);
			name = BottomSheetAboveNavigationBarUITests;
			productName = BottomSheetAboveNavigationBarUITests;
			productReference = D00DB8A12D38CC8300357168 /* BottomSheetAboveNavigationBarUITests.xctest */;
			productType = "com.apple.product-type.bundle.ui-testing";
		};
/* End PBXNativeTarget section */

/* Begin PBXProject section */
		D00DB8762D38CC8000357168 /* Project object */ = {
			isa = PBXProject;
			attributes = {
				BuildIndependentTargetsInParallel = 1;
				LastSwiftUpdateCheck = 1620;
				LastUpgradeCheck = 1620;
				TargetAttributes = {
					D00DB87D2D38CC8000357168 = {
						CreatedOnToolsVersion = 16.2;
					};
					D00DB8962D38CC8300357168 = {
						CreatedOnToolsVersion = 16.2;
						TestTargetID = D00DB87D2D38CC8000357168;
					};
					D00DB8A02D38CC8300357168 = {
						CreatedOnToolsVersion = 16.2;
						TestTargetID = D00DB87D2D38CC8000357168;
					};
				};
			};
			buildConfigurationList = D00DB8792D38CC8000357168 /* Build configuration list for PBXProject "BottomSheetAboveNavigationBar" */;
			developmentRegion = en;
			hasScannedForEncodings = 0;
			knownRegions = (
				en,
				Base,
			);
			mainGroup = D00DB8752D38CC8000357168;
			minimizedProjectReferenceProxies = 1;
			preferredProjectObjectVersion = 77;
			productRefGroup = D00DB87F2D38CC8000357168 /* Products */;
			projectDirPath = "";
			projectRoot = "";
			targets = (
				D00DB87D2D38CC8000357168 /* BottomSheetAboveNavigationBar */,
				D00DB8962D38CC8300357168 /* BottomSheetAboveNavigationBarTests */,
				D00DB8A02D38CC8300357168 /* BottomSheetAboveNavigationBarUITests */,
			);
		};
/* End PBXProject section */

/* Begin PBXResourcesBuildPhase section */
		D00DB87C2D38CC8000357168 /* Resources */ = {
			isa = PBXResourcesBuildPhase;
			buildActionMask = 2147483647;
			files = (
			);
			runOnlyForDeploymentPostprocessing = 0;
		};
		D00DB8952D38CC8300357168 /* Resources */ = {
			isa = PBXResourcesBuildPhase;
			buildActionMask = 2147483647;
			files = (
			);
			runOnlyForDeploymentPostprocessing = 0;
		};
		D00DB89F2D38CC8300357168 /* Resources */ = {
			isa = PBXResourcesBuildPhase;
			buildActionMask = 2147483647;
			files = (
			);
			runOnlyForDeploymentPostprocessing = 0;
		};
/* End PBXResourcesBuildPhase section */

/* Begin PBXShellScriptBuildPhase section */
		0897652F0E1CD8C043CBE1FE /* [CP] Check Pods Manifest.lock */ = {
			isa = PBXShellScriptBuildPhase;
			buildActionMask = 2147483647;
			files = (
			);
			inputFileListPaths = (
			);
			inputPaths = (
				"${PODS_PODFILE_DIR_PATH}/Podfile.lock",
				"${PODS_ROOT}/Manifest.lock",
			);
			name = "[CP] Check Pods Manifest.lock";
			outputFileListPaths = (
			);
			outputPaths = (
				"$(DERIVED_FILE_DIR)/Pods-BottomSheetAboveNavigationBar-checkManifestLockResult.txt",
			);
			runOnlyForDeploymentPostprocessing = 0;
			shellPath = /bin/sh;
			shellScript = "diff \"${PODS_PODFILE_DIR_PATH}/Podfile.lock\" \"${PODS_ROOT}/Manifest.lock\" > /dev/null\nif [ $? != 0 ] ; then\n    # print error to STDERR\n    echo \"error: The sandbox is not in sync with the Podfile.lock. Run 'pod install' or update your CocoaPods installation.\" >&2\n    exit 1\nfi\n# This output is used by Xcode 'outputs' to avoid re-running this script phase.\necho \"SUCCESS\" > \"${SCRIPT_OUTPUT_FILE_0}\"\n";
			showEnvVarsInLog = 0;
		};
		3AEBF9363D97F586104DEA8F /* [CP] Check Pods Manifest.lock */ = {
			isa = PBXShellScriptBuildPhase;
			buildActionMask = 2147483647;
			files = (
			);
			inputFileListPaths = (
			);
			inputPaths = (
				"${PODS_PODFILE_DIR_PATH}/Podfile.lock",
				"${PODS_ROOT}/Manifest.lock",
			);
			name = "[CP] Check Pods Manifest.lock";
			outputFileListPaths = (
			);
			outputPaths = (
				"$(DERIVED_FILE_DIR)/Pods-BottomSheetAboveNavigationBar-BottomSheetAboveNavigationBarUITests-checkManifestLockResult.txt",
			);
			runOnlyForDeploymentPostprocessing = 0;
			shellPath = /bin/sh;
			shellScript = "diff \"${PODS_PODFILE_DIR_PATH}/Podfile.lock\" \"${PODS_ROOT}/Manifest.lock\" > /dev/null\nif [ $? != 0 ] ; then\n    # print error to STDERR\n    echo \"error: The sandbox is not in sync with the Podfile.lock. Run 'pod install' or update your CocoaPods installation.\" >&2\n    exit 1\nfi\n# This output is used by Xcode 'outputs' to avoid re-running this script phase.\necho \"SUCCESS\" > \"${SCRIPT_OUTPUT_FILE_0}\"\n";
			showEnvVarsInLog = 0;
		};
		E31BBEDB7248553B37E519A2 /* [CP] Check Pods Manifest.lock */ = {
			isa = PBXShellScriptBuildPhase;
			buildActionMask = 2147483647;
			files = (
			);
			inputFileListPaths = (
			);
			inputPaths = (
				"${PODS_PODFILE_DIR_PATH}/Podfile.lock",
				"${PODS_ROOT}/Manifest.lock",
			);
			name = "[CP] Check Pods Manifest.lock";
			outputFileListPaths = (
			);
			outputPaths = (
				"$(DERIVED_FILE_DIR)/Pods-BottomSheetAboveNavigationBarTests-checkManifestLockResult.txt",
			);
			runOnlyForDeploymentPostprocessing = 0;
			shellPath = /bin/sh;
			shellScript = "diff \"${PODS_PODFILE_DIR_PATH}/Podfile.lock\" \"${PODS_ROOT}/Manifest.lock\" > /dev/null\nif [ $? != 0 ] ; then\n    # print error to STDERR\n    echo \"error: The sandbox is not in sync with the Podfile.lock. Run 'pod install' or update your CocoaPods installation.\" >&2\n    exit 1\nfi\n# This output is used by Xcode 'outputs' to avoid re-running this script phase.\necho \"SUCCESS\" > \"${SCRIPT_OUTPUT_FILE_0}\"\n";
			showEnvVarsInLog = 0;
		};
/* End PBXShellScriptBuildPhase section */

/* Begin PBXSourcesBuildPhase section */
		D00DB87A2D38CC8000357168 /* Sources */ = {
			isa = PBXSourcesBuildPhase;
			buildActionMask = 2147483647;
			files = (
			);
			runOnlyForDeploymentPostprocessing = 0;
		};
		D00DB8932D38CC8300357168 /* Sources */ = {
			isa = PBXSourcesBuildPhase;
			buildActionMask = 2147483647;
			files = (
			);
			runOnlyForDeploymentPostprocessing = 0;
		};
		D00DB89D2D38CC8300357168 /* Sources */ = {
			isa = PBXSourcesBuildPhase;
			buildActionMask = 2147483647;
			files = (
			);
			runOnlyForDeploymentPostprocessing = 0;
		};
/* End PBXSourcesBuildPhase section */

/* Begin PBXTargetDependency section */
		D00DB8992D38CC8300357168 /* PBXTargetDependency */ = {
			isa = PBXTargetDependency;
			target = D00DB87D2D38CC8000357168 /* BottomSheetAboveNavigationBar */;
			targetProxy = D00DB8982D38CC8300357168 /* PBXContainerItemProxy */;
		};
		D00DB8A32D38CC8300357168 /* PBXTargetDependency */ = {
			isa = PBXTargetDependency;
			target = D00DB87D2D38CC8000357168 /* BottomSheetAboveNavigationBar */;
			targetProxy = D00DB8A22D38CC8300357168 /* PBXContainerItemProxy */;
		};
/* End PBXTargetDependency section */

/* Begin XCBuildConfiguration section */
		D00DB8AB2D38CC8300357168 /* Debug */ = {
			isa = XCBuildConfiguration;
			baseConfigurationReference = 09A168CD03B768D990CCC720 /* Pods-BottomSheetAboveNavigationBar.debug.xcconfig */;
			buildSettings = {
				ASSETCATALOG_COMPILER_APPICON_NAME = AppIcon;
				ASSETCATALOG_COMPILER_GLOBAL_ACCENT_COLOR_NAME = AccentColor;
				CODE_SIGN_STYLE = Automatic;
				CURRENT_PROJECT_VERSION = 1;
				GENERATE_INFOPLIST_FILE = YES;
				INFOPLIST_FILE = BottomSheetAboveNavigationBar/Info.plist;
				INFOPLIST_KEY_UIApplicationSupportsIndirectInputEvents = YES;
				INFOPLIST_KEY_UILaunchStoryboardName = LaunchScreen;
				INFOPLIST_KEY_UIMainStoryboardFile = Main;
				INFOPLIST_KEY_UISupportedInterfaceOrientations_iPad = "UIInterfaceOrientationPortrait UIInterfaceOrientationPortraitUpsideDown UIInterfaceOrientationLandscapeLeft UIInterfaceOrientationLandscapeRight";
				INFOPLIST_KEY_UISupportedInterfaceOrientations_iPhone = "UIInterfaceOrientationPortrait UIInterfaceOrientationLandscapeLeft UIInterfaceOrientationLandscapeRight";
				LD_RUNPATH_SEARCH_PATHS = (
					"$(inherited)",
					"@executable_path/Frameworks",
				);
				MARKETING_VERSION = 1.0;
				PRODUCT_BUNDLE_IDENTIFIER = com.elexoft.BottomSheetAboveNavigationBar;
				PRODUCT_NAME = "$(TARGET_NAME)";
				SWIFT_EMIT_LOC_STRINGS = YES;
				SWIFT_VERSION = 5.0;
				TARGETED_DEVICE_FAMILY = "1,2";
			};
			name = Debug;
		};
		D00DB8AC2D38CC8300357168 /* Release */ = {
			isa = XCBuildConfiguration;
			baseConfigurationReference = BBDC28D2B2944CBA6EF5A765 /* Pods-BottomSheetAboveNavigationBar.release.xcconfig */;
			buildSettings = {
				ASSETCATALOG_COMPILER_APPICON_NAME = AppIcon;
				ASSETCATALOG_COMPILER_GLOBAL_ACCENT_COLOR_NAME = AccentColor;
				CODE_SIGN_STYLE = Automatic;
				CURRENT_PROJECT_VERSION = 1;
				GENERATE_INFOPLIST_FILE = YES;
				INFOPLIST_FILE = BottomSheetAboveNavigationBar/Info.plist;
				INFOPLIST_KEY_UIApplicationSupportsIndirectInputEvents = YES;
				INFOPLIST_KEY_UILaunchStoryboardName = LaunchScreen;
				INFOPLIST_KEY_UIMainStoryboardFile = Main;
				INFOPLIST_KEY_UISupportedInterfaceOrientations_iPad = "UIInterfaceOrientationPortrait UIInterfaceOrientationPortraitUpsideDown UIInterfaceOrientationLandscapeLeft UIInterfaceOrientationLandscapeRight";
				INFOPLIST_KEY_UISupportedInterfaceOrientations_iPhone = "UIInterfaceOrientationPortrait UIInterfaceOrientationLandscapeLeft UIInterfaceOrientationLandscapeRight";
				LD_RUNPATH_SEARCH_PATHS = (
					"$(inherited)",
					"@executable_path/Frameworks",
				);
				MARKETING_VERSION = 1.0;
				PRODUCT_BUNDLE_IDENTIFIER = com.elexoft.BottomSheetAboveNavigationBar;
				PRODUCT_NAME = "$(TARGET_NAME)";
				SWIFT_EMIT_LOC_STRINGS = YES;
				SWIFT_VERSION = 5.0;
				TARGETED_DEVICE_FAMILY = "1,2";
			};
			name = Release;
		};
		D00DB8AD2D38CC8300357168 /* Debug */ = {
			isa = XCBuildConfiguration;
			buildSettings = {
				ALWAYS_SEARCH_USER_PATHS = NO;
				ASSETCATALOG_COMPILER_GENERATE_SWIFT_ASSET_SYMBOL_EXTENSIONS = YES;
				CLANG_ANALYZER_NONNULL = YES;
				CLANG_ANALYZER_NUMBER_OBJECT_CONVERSION = YES_AGGRESSIVE;
				CLANG_CXX_LANGUAGE_STANDARD = "gnu++20";
				CLANG_ENABLE_MODULES = YES;
				CLANG_ENABLE_OBJC_ARC = YES;
				CLANG_ENABLE_OBJC_WEAK = YES;
				CLANG_WARN_BLOCK_CAPTURE_AUTORELEASING = YES;
				CLANG_WARN_BOOL_CONVERSION = YES;
				CLANG_WARN_COMMA = YES;
				CLANG_WARN_CONSTANT_CONVERSION = YES;
				CLANG_WARN_DEPRECATED_OBJC_IMPLEMENTATIONS = YES;
				CLANG_WARN_DIRECT_OBJC_ISA_USAGE = YES_ERROR;
				CLANG_WARN_DOCUMENTATION_COMMENTS = YES;
				CLANG_WARN_EMPTY_BODY = YES;
				CLANG_WARN_ENUM_CONVERSION = YES;
				CLANG_WARN_INFINITE_RECURSION = YES;
				CLANG_WARN_INT_CONVERSION = YES;
				CLANG_WARN_NON_LITERAL_NULL_CONVERSION = YES;
				CLANG_WARN_OBJC_IMPLICIT_RETAIN_SELF = YES;
				CLANG_WARN_OBJC_LITERAL_CONVERSION = YES;
				CLANG_WARN_OBJC_ROOT_CLASS = YES_ERROR;
				CLANG_WARN_QUOTED_INCLUDE_IN_FRAMEWORK_HEADER = YES;
				CLANG_WARN_RANGE_LOOP_ANALYSIS = YES;
				CLANG_WARN_STRICT_PROTOTYPES = YES;
				CLANG_WARN_SUSPICIOUS_MOVE = YES;
				CLANG_WARN_UNGUARDED_AVAILABILITY = YES_AGGRESSIVE;
				CLANG_WARN_UNREACHABLE_CODE = YES;
				CLANG_WARN__DUPLICATE_METHOD_MATCH = YES;
				COPY_PHASE_STRIP = NO;
				DEBUG_INFORMATION_FORMAT = dwarf;
				ENABLE_STRICT_OBJC_MSGSEND = YES;
				ENABLE_TESTABILITY = YES;
				ENABLE_USER_SCRIPT_SANDBOXING = YES;
				GCC_C_LANGUAGE_STANDARD = gnu17;
				GCC_DYNAMIC_NO_PIC = NO;
				GCC_NO_COMMON_BLOCKS = YES;
				GCC_OPTIMIZATION_LEVEL = 0;
				GCC_PREPROCESSOR_DEFINITIONS = (
					"DEBUG=1",
					"$(inherited)",
				);
				GCC_WARN_64_TO_32_BIT_CONVERSION = YES;
				GCC_WARN_ABOUT_RETURN_TYPE = YES_ERROR;
				GCC_WARN_UNDECLARED_SELECTOR = YES;
				GCC_WARN_UNINITIALIZED_AUTOS = YES_AGGRESSIVE;
				GCC_WARN_UNUSED_FUNCTION = YES;
				GCC_WARN_UNUSED_VARIABLE = YES;
				IPHONEOS_DEPLOYMENT_TARGET = 18.2;
				LOCALIZATION_PREFERS_STRING_CATALOGS = YES;
				MTL_ENABLE_DEBUG_INFO = INCLUDE_SOURCE;
				MTL_FAST_MATH = YES;
				ONLY_ACTIVE_ARCH = YES;
				SDKROOT = iphoneos;
				SWIFT_ACTIVE_COMPILATION_CONDITIONS = "DEBUG $(inherited)";
				SWIFT_OPTIMIZATION_LEVEL = "-Onone";
			};
			name = Debug;
		};
		D00DB8AE2D38CC8300357168 /* Release */ = {
			isa = XCBuildConfiguration;
			buildSettings = {
				ALWAYS_SEARCH_USER_PATHS = NO;
				ASSETCATALOG_COMPILER_GENERATE_SWIFT_ASSET_SYMBOL_EXTENSIONS = YES;
				CLANG_ANALYZER_NONNULL = YES;
				CLANG_ANALYZER_NUMBER_OBJECT_CONVERSION = YES_AGGRESSIVE;
				CLANG_CXX_LANGUAGE_STANDARD = "gnu++20";
				CLANG_ENABLE_MODULES = YES;
				CLANG_ENABLE_OBJC_ARC = YES;
				CLANG_ENABLE_OBJC_WEAK = YES;
				CLANG_WARN_BLOCK_CAPTURE_AUTORELEASING = YES;
				CLANG_WARN_BOOL_CONVERSION = YES;
				CLANG_WARN_COMMA = YES;
				CLANG_WARN_CONSTANT_CONVERSION = YES;
				CLANG_WARN_DEPRECATED_OBJC_IMPLEMENTATIONS = YES;
				CLANG_WARN_DIRECT_OBJC_ISA_USAGE = YES_ERROR;
				CLANG_WARN_DOCUMENTATION_COMMENTS = YES;
				CLANG_WARN_EMPTY_BODY = YES;
				CLANG_WARN_ENUM_CONVERSION = YES;
				CLANG_WARN_INFINITE_RECURSION = YES;
				CLANG_WARN_INT_CONVERSION = YES;
				CLANG_WARN_NON_LITERAL_NULL_CONVERSION = YES;
				CLANG_WARN_OBJC_IMPLICIT_RETAIN_SELF = YES;
				CLANG_WARN_OBJC_LITERAL_CONVERSION = YES;
				CLANG_WARN_OBJC_ROOT_CLASS = YES_ERROR;
				CLANG_WARN_QUOTED_INCLUDE_IN_FRAMEWORK_HEADER = YES;
				CLANG_WARN_RANGE_LOOP_ANALYSIS = YES;
				CLANG_WARN_STRICT_PROTOTYPES = YES;
				CLANG_WARN_SUSPICIOUS_MOVE = YES;
				CLANG_WARN_UNGUARDED_AVAILABILITY = YES_AGGRESSIVE;
				CLANG_WARN_UNREACHABLE_CODE = YES;
				CLANG_WARN__DUPLICATE_METHOD_MATCH = YES;
				COPY_PHASE_STRIP = NO;
				DEBUG_INFORMATION_FORMAT = "dwarf-with-dsym";
				ENABLE_NS_ASSERTIONS = NO;
				ENABLE_STRICT_OBJC_MSGSEND = YES;
				ENABLE_USER_SCRIPT_SANDBOXING = YES;
				GCC_C_LANGUAGE_STANDARD = gnu17;
				GCC_NO_COMMON_BLOCKS = YES;
				GCC_WARN_64_TO_32_BIT_CONVERSION = YES;
				GCC_WARN_ABOUT_RETURN_TYPE = YES_ERROR;
				GCC_WARN_UNDECLARED_SELECTOR = YES;
				GCC_WARN_UNINITIALIZED_AUTOS = YES_AGGRESSIVE;
				GCC_WARN_UNUSED_FUNCTION = YES;
				GCC_WARN_UNUSED_VARIABLE = YES;
				IPHONEOS_DEPLOYMENT_TARGET = 18.2;
				LOCALIZATION_PREFERS_STRING_CATALOGS = YES;
				MTL_ENABLE_DEBUG_INFO = NO;
				MTL_FAST_MATH = YES;
				SDKROOT = iphoneos;
				SWIFT_COMPILATION_MODE = wholemodule;
				VALIDATE_PRODUCT = YES;
			};
			name = Release;
		};
		D00DB8B02D38CC8300357168 /* Debug */ = {
			isa = XCBuildConfiguration;
			baseConfigurationReference = 51636196CE88BE1B23BA80B0 /* Pods-BottomSheetAboveNavigationBarTests.debug.xcconfig */;
			buildSettings = {
				BUNDLE_LOADER = "$(TEST_HOST)";
				CODE_SIGN_STYLE = Automatic;
				CURRENT_PROJECT_VERSION = 1;
				GENERATE_INFOPLIST_FILE = YES;
				IPHONEOS_DEPLOYMENT_TARGET = 18.2;
				MARKETING_VERSION = 1.0;
				PRODUCT_BUNDLE_IDENTIFIER = com.elexoft.BottomSheetAboveNavigationBarTests;
				PRODUCT_NAME = "$(TARGET_NAME)";
				SWIFT_EMIT_LOC_STRINGS = NO;
				SWIFT_VERSION = 5.0;
				TARGETED_DEVICE_FAMILY = "1,2";
				TEST_HOST = "$(BUILT_PRODUCTS_DIR)/BottomSheetAboveNavigationBar.app/$(BUNDLE_EXECUTABLE_FOLDER_PATH)/BottomSheetAboveNavigationBar";
			};
			name = Debug;
		};
		D00DB8B12D38CC8300357168 /* Release */ = {
			isa = XCBuildConfiguration;
			baseConfigurationReference = ABDE27F19D010A5B8CE32D3D /* Pods-BottomSheetAboveNavigationBarTests.release.xcconfig */;
			buildSettings = {
				BUNDLE_LOADER = "$(TEST_HOST)";
				CODE_SIGN_STYLE = Automatic;
				CURRENT_PROJECT_VERSION = 1;
				GENERATE_INFOPLIST_FILE = YES;
				IPHONEOS_DEPLOYMENT_TARGET = 18.2;
				MARKETING_VERSION = 1.0;
				PRODUCT_BUNDLE_IDENTIFIER = com.elexoft.BottomSheetAboveNavigationBarTests;
				PRODUCT_NAME = "$(TARGET_NAME)";
				SWIFT_EMIT_LOC_STRINGS = NO;
				SWIFT_VERSION = 5.0;
				TARGETED_DEVICE_FAMILY = "1,2";
				TEST_HOST = "$(BUILT_PRODUCTS_DIR)/BottomSheetAboveNavigationBar.app/$(BUNDLE_EXECUTABLE_FOLDER_PATH)/BottomSheetAboveNavigationBar";
			};
			name = Release;
		};
		D00DB8B32D38CC8300357168 /* Debug */ = {
			isa = XCBuildConfiguration;
			baseConfigurationReference = E54B077805628F9CA4A4353F /* Pods-BottomSheetAboveNavigationBar-BottomSheetAboveNavigationBarUITests.debug.xcconfig */;
			buildSettings = {
				CODE_SIGN_STYLE = Automatic;
				CURRENT_PROJECT_VERSION = 1;
				GENERATE_INFOPLIST_FILE = YES;
				MARKETING_VERSION = 1.0;
				PRODUCT_BUNDLE_IDENTIFIER = com.elexoft.BottomSheetAboveNavigationBarUITests;
				PRODUCT_NAME = "$(TARGET_NAME)";
				SWIFT_EMIT_LOC_STRINGS = NO;
				SWIFT_VERSION = 5.0;
				TARGETED_DEVICE_FAMILY = "1,2";
				TEST_TARGET_NAME = BottomSheetAboveNavigationBar;
			};
			name = Debug;
		};
		D00DB8B42D38CC8300357168 /* Release */ = {
			isa = XCBuildConfiguration;
			baseConfigurationReference = CD09A589A4020F0616E318C4 /* Pods-BottomSheetAboveNavigationBar-BottomSheetAboveNavigationBarUITests.release.xcconfig */;
			buildSettings = {
				CODE_SIGN_STYLE = Automatic;
				CURRENT_PROJECT_VERSION = 1;
				GENERATE_INFOPLIST_FILE = YES;
				MARKETING_VERSION = 1.0;
				PRODUCT_BUNDLE_IDENTIFIER = com.elexoft.BottomSheetAboveNavigationBarUITests;
				PRODUCT_NAME = "$(TARGET_NAME)";
				SWIFT_EMIT_LOC_STRINGS = NO;
				SWIFT_VERSION = 5.0;
				TARGETED_DEVICE_FAMILY = "1,2";
				TEST_TARGET_NAME = BottomSheetAboveNavigationBar;
			};
			name = Release;
		};
/* End XCBuildConfiguration section */

/* Begin XCConfigurationList section */
		D00DB8792D38CC8000357168 /* Build configuration list for PBXProject "BottomSheetAboveNavigationBar" */ = {
			isa = XCConfigurationList;
			buildConfigurations = (
				D00DB8AD2D38CC8300357168 /* Debug */,
				D00DB8AE2D38CC8300357168 /* Release */,
			);
			defaultConfigurationIsVisible = 0;
			defaultConfigurationName = Release;
		};
		D00DB8AA2D38CC8300357168 /* Build configuration list for PBXNativeTarget "BottomSheetAboveNavigationBar" */ = {
			isa = XCConfigurationList;
			buildConfigurations = (
				D00DB8AB2D38CC8300357168 /* Debug */,
				D00DB8AC2D38CC8300357168 /* Release */,
			);
			defaultConfigurationIsVisible = 0;
			defaultConfigurationName = Release;
		};
		D00DB8AF2D38CC8300357168 /* Build configuration list for PBXNativeTarget "BottomSheetAboveNavigationBarTests" */ = {
			isa = XCConfigurationList;
			buildConfigurations = (
				D00DB8B02D38CC8300357168 /* Debug */,
				D00DB8B12D38CC8300357168 /* Release */,
			);
			defaultConfigurationIsVisible = 0;
			defaultConfigurationName = Release;
		};
		D00DB8B22D38CC8300357168 /* Build configuration list for PBXNativeTarget "BottomSheetAboveNavigationBarUITests" */ = {
			isa = XCConfigurationList;
			buildConfigurations = (
				D00DB8B32D38CC8300357168 /* Debug */,
				D00DB8B42D38CC8300357168 /* Release */,
			);
			defaultConfigurationIsVisible = 0;
			defaultConfigurationName = Release;
		};
/* End XCConfigurationList section */
	};
	rootObject = D00DB8762D38CC8000357168 /* Project object */;
}
